
Microsoft Visual Studio Solution File, Format Version 12.00
# Visual Studio Version 16
VisualStudioVersion = 16.0.31911.196
MinimumVisualStudioVersion = 10.0.40219.1
Project("{FAE04EC0-301F-11D3-BF4B-00C04F79EFBC}") = "9_dec_assignment", "9_dec_assignment.csproj", "{5CEA30AD-A0EB-464F-9D65-A092994E7763}"
EndProject
Global
	GlobalSection(SolutionConfigurationPlatforms) = preSolution
		Debug|Any CPU = Debug|Any CPU
		Release|Any CPU = Release|Any CPU
	EndGlobalSection
	GlobalSection(ProjectConfigurationPlatforms) = postSolution
		{5CEA30AD-A0EB-464F-9D65-A092994E7763}.Debug|Any CPU.ActiveCfg = Debug|Any CPU
		{5CEA30AD-A0EB-464F-9D65-A092994E7763}.Debug|Any CPU.Build.0 = Debug|Any CPU
		{5CEA30AD-A0EB-464F-9D65-A092994E7763}.Release|Any CPU.ActiveCfg = Release|Any CPU
		{5CEA30AD-A0EB-464F-9D65-A092994E7763}.Release|Any CPU.Build.0 = Release|Any CPU
	EndGlobalSection
	GlobalSection(SolutionProperties) = preSolution
		HideSolutionNode = FALSE
	EndGlobalSection
	GlobalSection(ExtensibilityGlobals) = postSolution
		SolutionGuid = {037E103D-39BB-4CB4-8D33-C01054E6E880}
	EndGlobalSection
EndGlobal
